{
    "_readme": [
        "This file locks the dependencies of your project to a known state",
        "Read more about it at https://getcomposer.org/doc/01-basic-usage.md#installing-dependencies",
        "This file is @generated automatically"
    ],
    "content-hash": "bbcb1e9e3b41ca0d54d1d188a3681585",
    "packages": [
        {
            "name": "tpasset/tp-common",
            "version": "1.7.1",
            "dist": {
                "type": "path",
                "url": "../tp-common",
                "reference": "3f7970f4a130b03dbfcbc44b9e224426094d8f98"
            },
            "require": {
                "php": ">=8.1"
            },
            "require-dev": {
                "phpunit/phpunit": "^10.5"
            },
            "type": "library",
            "autoload": {
                "psr-4": {
                    "TpCommon\\": "src/"
                }
            },
            "autoload-dev": {
                "psr-4": {
                    "TpCommon\\Tests\\": "tests/"
                }
            },
            "license": [
                "proprietary"
            ],
            "description": "Shared library for TP-Asset Development projects",
            "transport-options": {
                "symlink": true,
                "relative": true
            }
        }
    ],
    "packages-dev": [],
    "aliases": [],
    "minimum-stability": "stable",
    "stability-flags": {},
    "prefer-stable": false,
    "prefer-lowest": false,
    "platform": {
        "php": ">=8.1"
    },
    "platform-dev": {},
    "plugin-api-version": "2.9.0"
}
